// !$*UTF8*$!
{
	archiveVersion = 1;
	classes = {
	};
	objectVersion = 50;
	objects = {

/* Begin PBXBuildFile section */
		2C2F7C33693ADAAF4871A3C5 /* Pods_MaxMilhasChallengeUITests.framework in Frameworks */ = {isa = PBXBuildFile; fileRef = F480EA577EB0FCE921B6D080 /* Pods_MaxMilhasChallengeUITests.framework */; };
		C5FEFA8A1E5E1C02B7991156 /* Pods_MaxMilhasChallenge.framework in Frameworks */ = {isa = PBXBuildFile; fileRef = 8EC3B8AEB79519BE767824B9 /* Pods_MaxMilhasChallenge.framework */; };
		D8976E0F214210100042DEC1 /* AppDelegate.swift in Sources */ = {isa = PBXBuildFile; fileRef = D8976E0E214210100042DEC1 /* AppDelegate.swift */; };
		D8976E1B214210120042DEC1 /* Assets.xcassets in Resources */ = {isa = PBXBuildFile; fileRef = D8976E1A214210120042DEC1 /* Assets.xcassets */; };
		D8976E29214210130042DEC1 /* MaxMilhasChallengeTests.swift in Sources */ = {isa = PBXBuildFile; fileRef = D8976E28214210130042DEC1 /* MaxMilhasChallengeTests.swift */; };
		D8976E34214210130042DEC1 /* MaxMilhasChallengeUITests.swift in Sources */ = {isa = PBXBuildFile; fileRef = D8976E33214210130042DEC1 /* MaxMilhasChallengeUITests.swift */; };
		D8C5E1AA2142EABD00FE7D94 /* BaseEntity.swift in Sources */ = {isa = PBXBuildFile; fileRef = D8C5E1A92142EABD00FE7D94 /* BaseEntity.swift */; };
		D8C5E1AC2142EAD500FE7D94 /* TicketEntity.swift in Sources */ = {isa = PBXBuildFile; fileRef = D8C5E1AB2142EAD500FE7D94 /* TicketEntity.swift */; };
		D8C5E1CF2142F36500FE7D94 /* ViewController.swift in Sources */ = {isa = PBXBuildFile; fileRef = D8C5E1CE2142F36400FE7D94 /* ViewController.swift */; };
		D8C5E1D22142F39400FE7D94 /* Main.storyboard in Resources */ = {isa = PBXBuildFile; fileRef = D8C5E1D12142F38C00FE7D94 /* Main.storyboard */; };
		D8C5E1D42142F39D00FE7D94 /* LaunchScreen.storyboard in Resources */ = {isa = PBXBuildFile; fileRef = D8C5E1D32142F39B00FE7D94 /* LaunchScreen.storyboard */; };
		D8C5E1D62142F4FF00FE7D94 /* Date+Extensions.swift in Sources */ = {isa = PBXBuildFile; fileRef = D8C5E1D52142F4FF00FE7D94 /* Date+Extensions.swift */; };
		D8C5E1D72142F76E00FE7D94 /* Provider.swift in Sources */ = {isa = PBXBuildFile; fileRef = D8C5E1AE2142EF6400FE7D94 /* Provider.swift */; };
		D8C5E1D82142F77200FE7D94 /* LocalDataSource.swift in Sources */ = {isa = PBXBuildFile; fileRef = D8C5E1AF2142F04400FE7D94 /* LocalDataSource.swift */; };
		D8C5E1D92142F77400FE7D94 /* DatabaseManager.swift in Sources */ = {isa = PBXBuildFile; fileRef = D8C5E1AD2142ECE900FE7D94 /* DatabaseManager.swift */; };
		D8C5E1DB2142F8CA00FE7D94 /* Repository.swift in Sources */ = {isa = PBXBuildFile; fileRef = D8C5E1DA2142F8C900FE7D94 /* Repository.swift */; };
		D8C5E1E3214301D200FE7D94 /* HomeWireframe.swift in Sources */ = {isa = PBXBuildFile; fileRef = D8C5E1E22142FB1B00FE7D94 /* HomeWireframe.swift */; };
		D8C5E1E4214301D400FE7D94 /* HomeInteractor.swift in Sources */ = {isa = PBXBuildFile; fileRef = D8C5E1E12142FB1B00FE7D94 /* HomeInteractor.swift */; };
		D8C5E1E5214301D600FE7D94 /* HomeViewController.swift in Sources */ = {isa = PBXBuildFile; fileRef = D8C5E1E02142FB1B00FE7D94 /* HomeViewController.swift */; };
		D8C5E1E6214301D900FE7D94 /* homePresenter.swift in Sources */ = {isa = PBXBuildFile; fileRef = D8C5E1DF2142FB1B00FE7D94 /* homePresenter.swift */; };
		D8C5E1E7214301DC00FE7D94 /* HomeProtocols.swift in Sources */ = {isa = PBXBuildFile; fileRef = D8C5E1DE2142FB1B00FE7D94 /* HomeProtocols.swift */; };
		D8C5E1E8214301E200FE7D94 /* Home.storyboard in Resources */ = {isa = PBXBuildFile; fileRef = D8C5E1DD2142FB1B00FE7D94 /* Home.storyboard */; };
		ED7085BEB616E8A22A2485B8 /* Pods_MaxMilhasChallengeTests.framework in Frameworks */ = {isa = PBXBuildFile; fileRef = B0B6F2C594DB4D809C48DA6F /* Pods_MaxMilhasChallengeTests.framework */; };
/* End PBXBuildFile section */

/* Begin PBXContainerItemProxy section */
		D8976E25214210130042DEC1 /* PBXContainerItemProxy */ = {
			isa = PBXContainerItemProxy;
			containerPortal = D8976E03214210100042DEC1 /* Project object */;
			proxyType = 1;
			remoteGlobalIDString = D8976E0A214210100042DEC1;
			remoteInfo = MaxMilhasChallenge;
		};
		D8976E30214210130042DEC1 /* PBXContainerItemProxy */ = {
			isa = PBXContainerItemProxy;
			containerPortal = D8976E03214210100042DEC1 /* Project object */;
			proxyType = 1;
			remoteGlobalIDString = D8976E0A214210100042DEC1;
			remoteInfo = MaxMilhasChallenge;
		};
/* End PBXContainerItemProxy section */

/* Begin PBXFileReference section */
		0C380ED5F5C244601F49295D /* Pods-MaxMilhasChallengeTests.release.xcconfig */ = {isa = PBXFileReference; includeInIndex = 1; lastKnownFileType = text.xcconfig; name = "Pods-MaxMilhasChallengeTests.release.xcconfig"; path = "Pods/Target Support Files/Pods-MaxMilhasChallengeTests/Pods-MaxMilhasChallengeTests.release.xcconfig"; sourceTree = "<group>"; };
		2934C475F078364CC7C6E757 /* Pods-MaxMilhasChallengeUITests.debug.xcconfig */ = {isa = PBXFileReference; includeInIndex = 1; lastKnownFileType = text.xcconfig; name = "Pods-MaxMilhasChallengeUITests.debug.xcconfig"; path = "Pods/Target Support Files/Pods-MaxMilhasChallengeUITests/Pods-MaxMilhasChallengeUITests.debug.xcconfig"; sourceTree = "<group>"; };
		587B82CFC995D187DED95934 /* Pods-MaxMilhasChallengeUITests.release.xcconfig */ = {isa = PBXFileReference; includeInIndex = 1; lastKnownFileType = text.xcconfig; name = "Pods-MaxMilhasChallengeUITests.release.xcconfig"; path = "Pods/Target Support Files/Pods-MaxMilhasChallengeUITests/Pods-MaxMilhasChallengeUITests.release.xcconfig"; sourceTree = "<group>"; };
		67AA154226726C8011DB509D /* Pods-MaxMilhasChallenge.debug.xcconfig */ = {isa = PBXFileReference; includeInIndex = 1; lastKnownFileType = text.xcconfig; name = "Pods-MaxMilhasChallenge.debug.xcconfig"; path = "Pods/Target Support Files/Pods-MaxMilhasChallenge/Pods-MaxMilhasChallenge.debug.xcconfig"; sourceTree = "<group>"; };
		8EC3B8AEB79519BE767824B9 /* Pods_MaxMilhasChallenge.framework */ = {isa = PBXFileReference; explicitFileType = wrapper.framework; includeInIndex = 0; path = Pods_MaxMilhasChallenge.framework; sourceTree = BUILT_PRODUCTS_DIR; };
		B0B6F2C594DB4D809C48DA6F /* Pods_MaxMilhasChallengeTests.framework */ = {isa = PBXFileReference; explicitFileType = wrapper.framework; includeInIndex = 0; path = Pods_MaxMilhasChallengeTests.framework; sourceTree = BUILT_PRODUCTS_DIR; };
		D8976E0B214210100042DEC1 /* MaxMilhasChallenge.app */ = {isa = PBXFileReference; explicitFileType = wrapper.application; includeInIndex = 0; path = MaxMilhasChallenge.app; sourceTree = BUILT_PRODUCTS_DIR; };
		D8976E0E214210100042DEC1 /* AppDelegate.swift */ = {isa = PBXFileReference; lastKnownFileType = sourcecode.swift; path = AppDelegate.swift; sourceTree = "<group>"; };
		D8976E1A214210120042DEC1 /* Assets.xcassets */ = {isa = PBXFileReference; lastKnownFileType = folder.assetcatalog; path = Assets.xcassets; sourceTree = "<group>"; };
		D8976E1F214210120042DEC1 /* Info.plist */ = {isa = PBXFileReference; lastKnownFileType = text.plist.xml; path = Info.plist; sourceTree = "<group>"; };
		D8976E24214210130042DEC1 /* MaxMilhasChallengeTests.xctest */ = {isa = PBXFileReference; explicitFileType = wrapper.cfbundle; includeInIndex = 0; path = MaxMilhasChallengeTests.xctest; sourceTree = BUILT_PRODUCTS_DIR; };
		D8976E28214210130042DEC1 /* MaxMilhasChallengeTests.swift */ = {isa = PBXFileReference; lastKnownFileType = sourcecode.swift; path = MaxMilhasChallengeTests.swift; sourceTree = "<group>"; };
		D8976E2A214210130042DEC1 /* Info.plist */ = {isa = PBXFileReference; lastKnownFileType = text.plist.xml; path = Info.plist; sourceTree = "<group>"; };
		D8976E2F214210130042DEC1 /* MaxMilhasChallengeUITests.xctest */ = {isa = PBXFileReference; explicitFileType = wrapper.cfbundle; includeInIndex = 0; path = MaxMilhasChallengeUITests.xctest; sourceTree = BUILT_PRODUCTS_DIR; };
		D8976E33214210130042DEC1 /* MaxMilhasChallengeUITests.swift */ = {isa = PBXFileReference; lastKnownFileType = sourcecode.swift; path = MaxMilhasChallengeUITests.swift; sourceTree = "<group>"; };
		D8976E35214210130042DEC1 /* Info.plist */ = {isa = PBXFileReference; lastKnownFileType = text.plist.xml; path = Info.plist; sourceTree = "<group>"; };
		D8C5E1A92142EABD00FE7D94 /* BaseEntity.swift */ = {isa = PBXFileReference; fileEncoding = 4; lastKnownFileType = sourcecode.swift; path = BaseEntity.swift; sourceTree = "<group>"; };
		D8C5E1AB2142EAD500FE7D94 /* TicketEntity.swift */ = {isa = PBXFileReference; lastKnownFileType = sourcecode.swift; path = TicketEntity.swift; sourceTree = "<group>"; };
		D8C5E1AD2142ECE900FE7D94 /* DatabaseManager.swift */ = {isa = PBXFileReference; lastKnownFileType = sourcecode.swift; path = DatabaseManager.swift; sourceTree = "<group>"; };
		D8C5E1AE2142EF6400FE7D94 /* Provider.swift */ = {isa = PBXFileReference; lastKnownFileType = sourcecode.swift; path = Provider.swift; sourceTree = "<group>"; };
		D8C5E1AF2142F04400FE7D94 /* LocalDataSource.swift */ = {isa = PBXFileReference; lastKnownFileType = sourcecode.swift; path = LocalDataSource.swift; sourceTree = "<group>"; };
		D8C5E1CE2142F36400FE7D94 /* ViewController.swift */ = {isa = PBXFileReference; lastKnownFileType = sourcecode.swift; path = ViewController.swift; sourceTree = "<group>"; };
		D8C5E1D12142F38C00FE7D94 /* Main.storyboard */ = {isa = PBXFileReference; lastKnownFileType = file.storyboard; path = Main.storyboard; sourceTree = "<group>"; };
		D8C5E1D32142F39B00FE7D94 /* LaunchScreen.storyboard */ = {isa = PBXFileReference; lastKnownFileType = file.storyboard; path = LaunchScreen.storyboard; sourceTree = "<group>"; };
		D8C5E1D52142F4FF00FE7D94 /* Date+Extensions.swift */ = {isa = PBXFileReference; lastKnownFileType = sourcecode.swift; path = "Date+Extensions.swift"; sourceTree = "<group>"; };
		D8C5E1DA2142F8C900FE7D94 /* Repository.swift */ = {isa = PBXFileReference; lastKnownFileType = sourcecode.swift; path = Repository.swift; sourceTree = "<group>"; };
		D8C5E1DD2142FB1B00FE7D94 /* Home.storyboard */ = {isa = PBXFileReference; lastKnownFileType = file.storyboard; path = Home.storyboard; sourceTree = "<group>"; };
		D8C5E1DE2142FB1B00FE7D94 /* HomeProtocols.swift */ = {isa = PBXFileReference; lastKnownFileType = sourcecode.swift; path = HomeProtocols.swift; sourceTree = "<group>"; };
		D8C5E1DF2142FB1B00FE7D94 /* homePresenter.swift */ = {isa = PBXFileReference; lastKnownFileType = sourcecode.swift; path = homePresenter.swift; sourceTree = "<group>"; };
		D8C5E1E02142FB1B00FE7D94 /* HomeViewController.swift */ = {isa = PBXFileReference; lastKnownFileType = sourcecode.swift; path = HomeViewController.swift; sourceTree = "<group>"; };
		D8C5E1E12142FB1B00FE7D94 /* HomeInteractor.swift */ = {isa = PBXFileReference; lastKnownFileType = sourcecode.swift; path = HomeInteractor.swift; sourceTree = "<group>"; };
		D8C5E1E22142FB1B00FE7D94 /* HomeWireframe.swift */ = {isa = PBXFileReference; lastKnownFileType = sourcecode.swift; path = HomeWireframe.swift; sourceTree = "<group>"; };
		F37A6E9F3358D06E9C0EB8BE /* Pods-MaxMilhasChallengeTests.debug.xcconfig */ = {isa = PBXFileReference; includeInIndex = 1; lastKnownFileType = text.xcconfig; name = "Pods-MaxMilhasChallengeTests.debug.xcconfig"; path = "Pods/Target Support Files/Pods-MaxMilhasChallengeTests/Pods-MaxMilhasChallengeTests.debug.xcconfig"; sourceTree = "<group>"; };
		F480EA577EB0FCE921B6D080 /* Pods_MaxMilhasChallengeUITests.framework */ = {isa = PBXFileReference; explicitFileType = wrapper.framework; includeInIndex = 0; path = Pods_MaxMilhasChallengeUITests.framework; sourceTree = BUILT_PRODUCTS_DIR; };
		F48E794A0312723F3A1C7501 /* Pods-MaxMilhasChallenge.release.xcconfig */ = {isa = PBXFileReference; includeInIndex = 1; lastKnownFileType = text.xcconfig; name = "Pods-MaxMilhasChallenge.release.xcconfig"; path = "Pods/Target Support Files/Pods-MaxMilhasChallenge/Pods-MaxMilhasChallenge.release.xcconfig"; sourceTree = "<group>"; };
/* End PBXFileReference section */

/* Begin PBXFrameworksBuildPhase section */
		D8976E08214210100042DEC1 /* Frameworks */ = {
			isa = PBXFrameworksBuildPhase;
			buildActionMask = 2147483647;
			files = (
				C5FEFA8A1E5E1C02B7991156 /* Pods_MaxMilhasChallenge.framework in Frameworks */,
			);
			runOnlyForDeploymentPostprocessing = 0;
		};
		D8976E21214210130042DEC1 /* Frameworks */ = {
			isa = PBXFrameworksBuildPhase;
			buildActionMask = 2147483647;
			files = (
				ED7085BEB616E8A22A2485B8 /* Pods_MaxMilhasChallengeTests.framework in Frameworks */,
			);
			runOnlyForDeploymentPostprocessing = 0;
		};
		D8976E2C214210130042DEC1 /* Frameworks */ = {
			isa = PBXFrameworksBuildPhase;
			buildActionMask = 2147483647;
			files = (
				2C2F7C33693ADAAF4871A3C5 /* Pods_MaxMilhasChallengeUITests.framework in Frameworks */,
			);
			runOnlyForDeploymentPostprocessing = 0;
		};
/* End PBXFrameworksBuildPhase section */

/* Begin PBXGroup section */
		1901EC8213316488F853FD9E /* Frameworks */ = {
			isa = PBXGroup;
			children = (
				8EC3B8AEB79519BE767824B9 /* Pods_MaxMilhasChallenge.framework */,
				B0B6F2C594DB4D809C48DA6F /* Pods_MaxMilhasChallengeTests.framework */,
				F480EA577EB0FCE921B6D080 /* Pods_MaxMilhasChallengeUITests.framework */,
			);
			name = Frameworks;
			sourceTree = "<group>";
		};
		393447BE245D31396EDA767F /* Pods */ = {
			isa = PBXGroup;
			children = (
				67AA154226726C8011DB509D /* Pods-MaxMilhasChallenge.debug.xcconfig */,
				F48E794A0312723F3A1C7501 /* Pods-MaxMilhasChallenge.release.xcconfig */,
				F37A6E9F3358D06E9C0EB8BE /* Pods-MaxMilhasChallengeTests.debug.xcconfig */,
				0C380ED5F5C244601F49295D /* Pods-MaxMilhasChallengeTests.release.xcconfig */,
				2934C475F078364CC7C6E757 /* Pods-MaxMilhasChallengeUITests.debug.xcconfig */,
				587B82CFC995D187DED95934 /* Pods-MaxMilhasChallengeUITests.release.xcconfig */,
			);
			name = Pods;
			sourceTree = "<group>";
		};
		D8976E02214210100042DEC1 = {
			isa = PBXGroup;
			children = (
				D8976E0D214210100042DEC1 /* MaxMilhasChallenge */,
				D8976E27214210130042DEC1 /* MaxMilhasChallengeTests */,
				D8976E32214210130042DEC1 /* MaxMilhasChallengeUITests */,
				D8976E0C214210100042DEC1 /* Products */,
				393447BE245D31396EDA767F /* Pods */,
				1901EC8213316488F853FD9E /* Frameworks */,
			);
			sourceTree = "<group>";
		};
		D8976E0C214210100042DEC1 /* Products */ = {
			isa = PBXGroup;
			children = (
				D8976E0B214210100042DEC1 /* MaxMilhasChallenge.app */,
				D8976E24214210130042DEC1 /* MaxMilhasChallengeTests.xctest */,
				D8976E2F214210130042DEC1 /* MaxMilhasChallengeUITests.xctest */,
			);
			name = Products;
			sourceTree = "<group>";
		};
		D8976E0D214210100042DEC1 /* MaxMilhasChallenge */ = {
			isa = PBXGroup;
			children = (
				D8C5E1A72142EABD00FE7D94 /* Database */,
				D8C5E1DC2142FB1B00FE7D94 /* Home */,
				D8976E0E214210100042DEC1 /* AppDelegate.swift */,
				D8C5E1CE2142F36400FE7D94 /* ViewController.swift */,
				D8C5E1D52142F4FF00FE7D94 /* Date+Extensions.swift */,
				D8C5E1D12142F38C00FE7D94 /* Main.storyboard */,
				D8976E1A214210120042DEC1 /* Assets.xcassets */,
				D8C5E1D32142F39B00FE7D94 /* LaunchScreen.storyboard */,
				D8976E1F214210120042DEC1 /* Info.plist */,
			);
			path = MaxMilhasChallenge;
			sourceTree = "<group>";
		};
		D8976E27214210130042DEC1 /* MaxMilhasChallengeTests */ = {
			isa = PBXGroup;
			children = (
				D8976E28214210130042DEC1 /* MaxMilhasChallengeTests.swift */,
				D8976E2A214210130042DEC1 /* Info.plist */,
			);
			path = MaxMilhasChallengeTests;
			sourceTree = "<group>";
		};
		D8976E32214210130042DEC1 /* MaxMilhasChallengeUITests */ = {
			isa = PBXGroup;
			children = (
				D8976E33214210130042DEC1 /* MaxMilhasChallengeUITests.swift */,
				D8976E35214210130042DEC1 /* Info.plist */,
			);
			path = MaxMilhasChallengeUITests;
			sourceTree = "<group>";
		};
		D8C5E1A72142EABD00FE7D94 /* Database */ = {
			isa = PBXGroup;
			children = (
				D8C5E1DA2142F8C900FE7D94 /* Repository.swift */,
				D8C5E1AF2142F04400FE7D94 /* LocalDataSource.swift */,
				D8C5E1AE2142EF6400FE7D94 /* Provider.swift */,
				D8C5E1AD2142ECE900FE7D94 /* DatabaseManager.swift */,
				D8C5E1A82142EABD00FE7D94 /* Entities */,
			);
			path = Database;
			sourceTree = "<group>";
		};
		D8C5E1A82142EABD00FE7D94 /* Entities */ = {
			isa = PBXGroup;
			children = (
				D8C5E1A92142EABD00FE7D94 /* BaseEntity.swift */,
				D8C5E1AB2142EAD500FE7D94 /* TicketEntity.swift */,
			);
			path = Entities;
			sourceTree = "<group>";
		};
		D8C5E1DC2142FB1B00FE7D94 /* Home */ = {
			isa = PBXGroup;
			children = (
				D8C5E1DD2142FB1B00FE7D94 /* Home.storyboard */,
				D8C5E1DE2142FB1B00FE7D94 /* HomeProtocols.swift */,
				D8C5E1DF2142FB1B00FE7D94 /* homePresenter.swift */,
				D8C5E1E02142FB1B00FE7D94 /* HomeViewController.swift */,
				D8C5E1E12142FB1B00FE7D94 /* HomeInteractor.swift */,
				D8C5E1E22142FB1B00FE7D94 /* HomeWireframe.swift */,
			);
			path = Home;
			sourceTree = "<group>";
		};
/* End PBXGroup section */

/* Begin PBXNativeTarget section */
		D8976E0A214210100042DEC1 /* MaxMilhasChallenge */ = {
			isa = PBXNativeTarget;
			buildConfigurationList = D8976E38214210130042DEC1 /* Build configuration list for PBXNativeTarget "MaxMilhasChallenge" */;
			buildPhases = (
				A52DEB24EF58789EE87D1C2D /* [CP] Check Pods Manifest.lock */,
				D8976E07214210100042DEC1 /* Sources */,
				D8976E08214210100042DEC1 /* Frameworks */,
				D8976E09214210100042DEC1 /* Resources */,
				53C40094C3D2F46FE7D14601 /* [CP] Embed Pods Frameworks */,
			);
			buildRules = (
			);
			dependencies = (
			);
			name = MaxMilhasChallenge;
			productName = MaxMilhasChallenge;
			productReference = D8976E0B214210100042DEC1 /* MaxMilhasChallenge.app */;
			productType = "com.apple.product-type.application";
		};
		D8976E23214210130042DEC1 /* MaxMilhasChallengeTests */ = {
			isa = PBXNativeTarget;
			buildConfigurationList = D8976E3B214210130042DEC1 /* Build configuration list for PBXNativeTarget "MaxMilhasChallengeTests" */;
			buildPhases = (
				A74024A0F3A72DDEB676B864 /* [CP] Check Pods Manifest.lock */,
				D8976E20214210130042DEC1 /* Sources */,
				D8976E21214210130042DEC1 /* Frameworks */,
				D8976E22214210130042DEC1 /* Resources */,
			);
			buildRules = (
			);
			dependencies = (
				D8976E26214210130042DEC1 /* PBXTargetDependency */,
			);
			name = MaxMilhasChallengeTests;
			productName = MaxMilhasChallengeTests;
			productReference = D8976E24214210130042DEC1 /* MaxMilhasChallengeTests.xctest */;
			productType = "com.apple.product-type.bundle.unit-test";
		};
		D8976E2E214210130042DEC1 /* MaxMilhasChallengeUITests */ = {
			isa = PBXNativeTarget;
			buildConfigurationList = D8976E3E214210130042DEC1 /* Build configuration list for PBXNativeTarget "MaxMilhasChallengeUITests" */;
			buildPhases = (
				8FFBC6795893819EB3FCE2E7 /* [CP] Check Pods Manifest.lock */,
				D8976E2B214210130042DEC1 /* Sources */,
				D8976E2C214210130042DEC1 /* Frameworks */,
				D8976E2D214210130042DEC1 /* Resources */,
			);
			buildRules = (
			);
			dependencies = (
				D8976E31214210130042DEC1 /* PBXTargetDependency */,
			);
			name = MaxMilhasChallengeUITests;
			productName = MaxMilhasChallengeUITests;
			productReference = D8976E2F214210130042DEC1 /* MaxMilhasChallengeUITests.xctest */;
			productType = "com.apple.product-type.bundle.ui-testing";
		};
/* End PBXNativeTarget section */

/* Begin PBXProject section */
		D8976E03214210100042DEC1 /* Project object */ = {
			isa = PBXProject;
			attributes = {
				LastSwiftUpdateCheck = 0940;
				LastUpgradeCheck = 0940;
				ORGANIZATIONNAME = "Marcos Vinicius da Cunha Brito";
				TargetAttributes = {
					D8976E0A214210100042DEC1 = {
						CreatedOnToolsVersion = 9.4.1;
					};
					D8976E23214210130042DEC1 = {
						CreatedOnToolsVersion = 9.4.1;
						TestTargetID = D8976E0A214210100042DEC1;
					};
					D8976E2E214210130042DEC1 = {
						CreatedOnToolsVersion = 9.4.1;
						TestTargetID = D8976E0A214210100042DEC1;
					};
				};
			};
			buildConfigurationList = D8976E06214210100042DEC1 /* Build configuration list for PBXProject "MaxMilhasChallenge" */;
			compatibilityVersion = "Xcode 9.3";
			developmentRegion = en;
			hasScannedForEncodings = 0;
			knownRegions = (
				en,
				Base,
			);
			mainGroup = D8976E02214210100042DEC1;
			productRefGroup = D8976E0C214210100042DEC1 /* Products */;
			projectDirPath = "";
			projectRoot = "";
			targets = (
				D8976E0A214210100042DEC1 /* MaxMilhasChallenge */,
				D8976E23214210130042DEC1 /* MaxMilhasChallengeTests */,
				D8976E2E214210130042DEC1 /* MaxMilhasChallengeUITests */,
			);
		};
/* End PBXProject section */

/* Begin PBXResourcesBuildPhase section */
		D8976E09214210100042DEC1 /* Resources */ = {
			isa = PBXResourcesBuildPhase;
			buildActionMask = 2147483647;
			files = (
				D8C5E1D42142F39D00FE7D94 /* LaunchScreen.storyboard in Resources */,
				D8976E1B214210120042DEC1 /* Assets.xcassets in Resources */,
				D8C5E1D22142F39400FE7D94 /* Main.storyboard in Resources */,
				D8C5E1E8214301E200FE7D94 /* Home.storyboard in Resources */,
			);
			runOnlyForDeploymentPostprocessing = 0;
		};
		D8976E22214210130042DEC1 /* Resources */ = {
			isa = PBXResourcesBuildPhase;
			buildActionMask = 2147483647;
			files = (
			);
			runOnlyForDeploymentPostprocessing = 0;
		};
		D8976E2D214210130042DEC1 /* Resources */ = {
			isa = PBXResourcesBuildPhase;
			buildActionMask = 2147483647;
			files = (
			);
			runOnlyForDeploymentPostprocessing = 0;
		};
/* End PBXResourcesBuildPhase section */

/* Begin PBXShellScriptBuildPhase section */
		53C40094C3D2F46FE7D14601 /* [CP] Embed Pods Frameworks */ = {
			isa = PBXShellScriptBuildPhase;
			buildActionMask = 2147483647;
			files = (
			);
			inputPaths = (
				"${SRCROOT}/Pods/Target Support Files/Pods-MaxMilhasChallenge/Pods-MaxMilhasChallenge-frameworks.sh",
				"${BUILT_PRODUCTS_DIR}/MDFInternationalization/MDFInternationalization.framework",
				"${BUILT_PRODUCTS_DIR}/MDFTextAccessibility/MDFTextAccessibility.framework",
				"${BUILT_PRODUCTS_DIR}/MaterialComponents/MaterialComponents.framework",
				"${BUILT_PRODUCTS_DIR}/MotionAnimator/MotionAnimator.framework",
				"${BUILT_PRODUCTS_DIR}/MotionInterchange/MotionInterchange.framework",
				"${BUILT_PRODUCTS_DIR}/MotionTransitioning/MotionTransitioning.framework",
				"${BUILT_PRODUCTS_DIR}/Realm/Realm.framework",
				"${BUILT_PRODUCTS_DIR}/RealmSwift/RealmSwift.framework",
			);
			name = "[CP] Embed Pods Frameworks";
			outputPaths = (
				"${TARGET_BUILD_DIR}/${FRAMEWORKS_FOLDER_PATH}/MDFInternationalization.framework",
				"${TARGET_BUILD_DIR}/${FRAMEWORKS_FOLDER_PATH}/MDFTextAccessibility.framework",
				"${TARGET_BUILD_DIR}/${FRAMEWORKS_FOLDER_PATH}/MaterialComponents.framework",
				"${TARGET_BUILD_DIR}/${FRAMEWORKS_FOLDER_PATH}/MotionAnimator.framework",
				"${TARGET_BUILD_DIR}/${FRAMEWORKS_FOLDER_PATH}/MotionInterchange.framework",
				"${TARGET_BUILD_DIR}/${FRAMEWORKS_FOLDER_PATH}/MotionTransitioning.framework",
				"${TARGET_BUILD_DIR}/${FRAMEWORKS_FOLDER_PATH}/Realm.framework",
				"${TARGET_BUILD_DIR}/${FRAMEWORKS_FOLDER_PATH}/RealmSwift.framework",
			);
			runOnlyForDeploymentPostprocessing = 0;
			shellPath = /bin/sh;
			shellScript = "\"${SRCROOT}/Pods/Target Support Files/Pods-MaxMilhasChallenge/Pods-MaxMilhasChallenge-frameworks.sh\"\n";
			showEnvVarsInLog = 0;
		};
		8FFBC6795893819EB3FCE2E7 /* [CP] Check Pods Manifest.lock */ = {
			isa = PBXShellScriptBuildPhase;
			buildActionMask = 2147483647;
			files = (
			);
			inputPaths = (
				"${PODS_PODFILE_DIR_PATH}/Podfile.lock",
				"${PODS_ROOT}/Manifest.lock",
			);
			name = "[CP] Check Pods Manifest.lock";
			outputPaths = (
				"$(DERIVED_FILE_DIR)/Pods-MaxMilhasChallengeUITests-checkManifestLockResult.txt",
			);
			runOnlyForDeploymentPostprocessing = 0;
			shellPath = /bin/sh;
			shellScript = "diff \"${PODS_PODFILE_DIR_PATH}/Podfile.lock\" \"${PODS_ROOT}/Manifest.lock\" > /dev/null\nif [ $? != 0 ] ; then\n    # print error to STDERR\n    echo \"error: The sandbox is not in sync with the Podfile.lock. Run 'pod install' or update your CocoaPods installation.\" >&2\n    exit 1\nfi\n# This output is used by Xcode 'outputs' to avoid re-running this script phase.\necho \"SUCCESS\" > \"${SCRIPT_OUTPUT_FILE_0}\"\n";
			showEnvVarsInLog = 0;
		};
		A52DEB24EF58789EE87D1C2D /* [CP] Check Pods Manifest.lock */ = {
			isa = PBXShellScriptBuildPhase;
			buildActionMask = 2147483647;
			files = (
			);
			inputPaths = (
				"${PODS_PODFILE_DIR_PATH}/Podfile.lock",
				"${PODS_ROOT}/Manifest.lock",
			);
			name = "[CP] Check Pods Manifest.lock";
			outputPaths = (
				"$(DERIVED_FILE_DIR)/Pods-MaxMilhasChallenge-checkManifestLockResult.txt",
			);
			runOnlyForDeploymentPostprocessing = 0;
			shellPath = /bin/sh;
			shellScript = "diff \"${PODS_PODFILE_DIR_PATH}/Podfile.lock\" \"${PODS_ROOT}/Manifest.lock\" > /dev/null\nif [ $? != 0 ] ; then\n    # print error to STDERR\n    echo \"error: The sandbox is not in sync with the Podfile.lock. Run 'pod install' or update your CocoaPods installation.\" >&2\n    exit 1\nfi\n# This output is used by Xcode 'outputs' to avoid re-running this script phase.\necho \"SUCCESS\" > \"${SCRIPT_OUTPUT_FILE_0}\"\n";
			showEnvVarsInLog = 0;
		};
		A74024A0F3A72DDEB676B864 /* [CP] Check Pods Manifest.lock */ = {
			isa = PBXShellScriptBuildPhase;
			buildActionMask = 2147483647;
			files = (
			);
			inputPaths = (
				"${PODS_PODFILE_DIR_PATH}/Podfile.lock",
				"${PODS_ROOT}/Manifest.lock",
			);
			name = "[CP] Check Pods Manifest.lock";
			outputPaths = (
				"$(DERIVED_FILE_DIR)/Pods-MaxMilhasChallengeTests-checkManifestLockResult.txt",
			);
			runOnlyForDeploymentPostprocessing = 0;
			shellPath = /bin/sh;
			shellScript = "diff \"${PODS_PODFILE_DIR_PATH}/Podfile.lock\" \"${PODS_ROOT}/Manifest.lock\" > /dev/null\nif [ $? != 0 ] ; then\n    # print error to STDERR\n    echo \"error: The sandbox is not in sync with the Podfile.lock. Run 'pod install' or update your CocoaPods installation.\" >&2\n    exit 1\nfi\n# This output is used by Xcode 'outputs' to avoid re-running this script phase.\necho \"SUCCESS\" > \"${SCRIPT_OUTPUT_FILE_0}\"\n";
			showEnvVarsInLog = 0;
		};
/* End PBXShellScriptBuildPhase section */

/* Begin PBXSourcesBuildPhase section */
		D8976E07214210100042DEC1 /* Sources */ = {
			isa = PBXSourcesBuildPhase;
			buildActionMask = 2147483647;
			files = (
				D8C5E1D92142F77400FE7D94 /* DatabaseManager.swift in Sources */,
				D8C5E1E4214301D400FE7D94 /* HomeInteractor.swift in Sources */,
				D8C5E1CF2142F36500FE7D94 /* ViewController.swift in Sources */,
				D8C5E1AC2142EAD500FE7D94 /* TicketEntity.swift in Sources */,
				D8C5E1E7214301DC00FE7D94 /* HomeProtocols.swift in Sources */,
				D8C5E1E3214301D200FE7D94 /* HomeWireframe.swift in Sources */,
				D8C5E1AA2142EABD00FE7D94 /* BaseEntity.swift in Sources */,
				D8C5E1E6214301D900FE7D94 /* homePresenter.swift in Sources */,
				D8C5E1D82142F77200FE7D94 /* LocalDataSource.swift in Sources */,
				D8C5E1D62142F4FF00FE7D94 /* Date+Extensions.swift in Sources */,
				D8C5E1D72142F76E00FE7D94 /* Provider.swift in Sources */,
				D8976E0F214210100042DEC1 /* AppDelegate.swift in Sources */,
				D8C5E1DB2142F8CA00FE7D94 /* Repository.swift in Sources */,
				D8C5E1E5214301D600FE7D94 /* HomeViewController.swift in Sources */,
			);
			runOnlyForDeploymentPostprocessing = 0;
		};
		D8976E20214210130042DEC1 /* Sources */ = {
			isa = PBXSourcesBuildPhase;
			buildActionMask = 2147483647;
			files = (
				D8976E29214210130042DEC1 /* MaxMilhasChallengeTests.swift in Sources */,
			);
			runOnlyForDeploymentPostprocessing = 0;
		};
		D8976E2B214210130042DEC1 /* Sources */ = {
			isa = PBXSourcesBuildPhase;
			buildActionMask = 2147483647;
			files = (
				D8976E34214210130042DEC1 /* MaxMilhasChallengeUITests.swift in Sources */,
			);
			runOnlyForDeploymentPostprocessing = 0;
		};
/* End PBXSourcesBuildPhase section */

/* Begin PBXTargetDependency section */
		D8976E26214210130042DEC1 /* PBXTargetDependency */ = {
			isa = PBXTargetDependency;
			target = D8976E0A214210100042DEC1 /* MaxMilhasChallenge */;
			targetProxy = D8976E25214210130042DEC1 /* PBXContainerItemProxy */;
		};
		D8976E31214210130042DEC1 /* PBXTargetDependency */ = {
			isa = PBXTargetDependency;
			target = D8976E0A214210100042DEC1 /* MaxMilhasChallenge */;
			targetProxy = D8976E30214210130042DEC1 /* PBXContainerItemProxy */;
		};
/* End PBXTargetDependency section */

/* Begin XCBuildConfiguration section */
		D8976E36214210130042DEC1 /* Debug */ = {
			isa = XCBuildConfiguration;
			buildSettings = {
				ALWAYS_SEARCH_USER_PATHS = NO;
				CLANG_ANALYZER_NONNULL = YES;
				CLANG_ANALYZER_NUMBER_OBJECT_CONVERSION = YES_AGGRESSIVE;
				CLANG_CXX_LANGUAGE_STANDARD = "gnu++14";
				CLANG_CXX_LIBRARY = "libc++";
				CLANG_ENABLE_MODULES = YES;
				CLANG_ENABLE_OBJC_ARC = YES;
				CLANG_ENABLE_OBJC_WEAK = YES;
				CLANG_WARN_BLOCK_CAPTURE_AUTORELEASING = YES;
				CLANG_WARN_BOOL_CONVERSION = YES;
				CLANG_WARN_COMMA = YES;
				CLANG_WARN_CONSTANT_CONVERSION = YES;
				CLANG_WARN_DEPRECATED_OBJC_IMPLEMENTATIONS = YES;
				CLANG_WARN_DIRECT_OBJC_ISA_USAGE = YES_ERROR;
				CLANG_WARN_DOCUMENTATION_COMMENTS = YES;
				CLANG_WARN_EMPTY_BODY = YES;
				CLANG_WARN_ENUM_CONVERSION = YES;
				CLANG_WARN_INFINITE_RECURSION = YES;
				CLANG_WARN_INT_CONVERSION = YES;
				CLANG_WARN_NON_LITERAL_NULL_CONVERSION = YES;
				CLANG_WARN_OBJC_IMPLICIT_RETAIN_SELF = YES;
				CLANG_WARN_OBJC_LITERAL_CONVERSION = YES;
				CLANG_WARN_OBJC_ROOT_CLASS = YES_ERROR;
				CLANG_WARN_RANGE_LOOP_ANALYSIS = YES;
				CLANG_WARN_STRICT_PROTOTYPES = YES;
				CLANG_WARN_SUSPICIOUS_MOVE = YES;
				CLANG_WARN_UNGUARDED_AVAILABILITY = YES_AGGRESSIVE;
				CLANG_WARN_UNREACHABLE_CODE = YES;
				CLANG_WARN__DUPLICATE_METHOD_MATCH = YES;
				CODE_SIGN_IDENTITY = "iPhone Developer";
				COPY_PHASE_STRIP = NO;
				DEBUG_INFORMATION_FORMAT = dwarf;
				ENABLE_STRICT_OBJC_MSGSEND = YES;
				ENABLE_TESTABILITY = YES;
				GCC_C_LANGUAGE_STANDARD = gnu11;
				GCC_DYNAMIC_NO_PIC = NO;
				GCC_NO_COMMON_BLOCKS = YES;
				GCC_OPTIMIZATION_LEVEL = 0;
				GCC_PREPROCESSOR_DEFINITIONS = (
					"DEBUG=1",
					"$(inherited)",
				);
				GCC_WARN_64_TO_32_BIT_CONVERSION = YES;
				GCC_WARN_ABOUT_RETURN_TYPE = YES_ERROR;
				GCC_WARN_UNDECLARED_SELECTOR = YES;
				GCC_WARN_UNINITIALIZED_AUTOS = YES_AGGRESSIVE;
				GCC_WARN_UNUSED_FUNCTION = YES;
				GCC_WARN_UNUSED_VARIABLE = YES;
				IPHONEOS_DEPLOYMENT_TARGET = 11.4;
				MTL_ENABLE_DEBUG_INFO = YES;
				ONLY_ACTIVE_ARCH = YES;
				SDKROOT = iphoneos;
				SWIFT_ACTIVE_COMPILATION_CONDITIONS = DEBUG;
				SWIFT_OPTIMIZATION_LEVEL = "-Onone";
			};
			name = Debug;
		};
		D8976E37214210130042DEC1 /* Release */ = {
			isa = XCBuildConfiguration;
			buildSettings = {
				ALWAYS_SEARCH_USER_PATHS = NO;
				CLANG_ANALYZER_NONNULL = YES;
				CLANG_ANALYZER_NUMBER_OBJECT_CONVERSION = YES_AGGRESSIVE;
				CLANG_CXX_LANGUAGE_STANDARD = "gnu++14";
				CLANG_CXX_LIBRARY = "libc++";
				CLANG_ENABLE_MODULES = YES;
				CLANG_ENABLE_OBJC_ARC = YES;
				CLANG_ENABLE_OBJC_WEAK = YES;
				CLANG_WARN_BLOCK_CAPTURE_AUTORELEASING = YES;
				CLANG_WARN_BOOL_CONVERSION = YES;
				CLANG_WARN_COMMA = YES;
				CLANG_WARN_CONSTANT_CONVERSION = YES;
				CLANG_WARN_DEPRECATED_OBJC_IMPLEMENTATIONS = YES;
				CLANG_WARN_DIRECT_OBJC_ISA_USAGE = YES_ERROR;
				CLANG_WARN_DOCUMENTATION_COMMENTS = YES;
				CLANG_WARN_EMPTY_BODY = YES;
				CLANG_WARN_ENUM_CONVERSION = YES;
				CLANG_WARN_INFINITE_RECURSION = YES;
				CLANG_WARN_INT_CONVERSION = YES;
				CLANG_WARN_NON_LITERAL_NULL_CONVERSION = YES;
				CLANG_WARN_OBJC_IMPLICIT_RETAIN_SELF = YES;
				CLANG_WARN_OBJC_LITERAL_CONVERSION = YES;
				CLANG_WARN_OBJC_ROOT_CLASS = YES_ERROR;
				CLANG_WARN_RANGE_LOOP_ANALYSIS = YES;
				CLANG_WARN_STRICT_PROTOTYPES = YES;
				CLANG_WARN_SUSPICIOUS_MOVE = YES;
				CLANG_WARN_UNGUARDED_AVAILABILITY = YES_AGGRESSIVE;
				CLANG_WARN_UNREACHABLE_CODE = YES;
				CLANG_WARN__DUPLICATE_METHOD_MATCH = YES;
				CODE_SIGN_IDENTITY = "iPhone Developer";
				COPY_PHASE_STRIP = NO;
				DEBUG_INFORMATION_FORMAT = "dwarf-with-dsym";
				ENABLE_NS_ASSERTIONS = NO;
				ENABLE_STRICT_OBJC_MSGSEND = YES;
				GCC_C_LANGUAGE_STANDARD = gnu11;
				GCC_NO_COMMON_BLOCKS = YES;
				GCC_WARN_64_TO_32_BIT_CONVERSION = YES;
				GCC_WARN_ABOUT_RETURN_TYPE = YES_ERROR;
				GCC_WARN_UNDECLARED_SELECTOR = YES;
				GCC_WARN_UNINITIALIZED_AUTOS = YES_AGGRESSIVE;
				GCC_WARN_UNUSED_FUNCTION = YES;
				GCC_WARN_UNUSED_VARIABLE = YES;
				IPHONEOS_DEPLOYMENT_TARGET = 11.4;
				MTL_ENABLE_DEBUG_INFO = NO;
				SDKROOT = iphoneos;
				SWIFT_COMPILATION_MODE = wholemodule;
				SWIFT_OPTIMIZATION_LEVEL = "-O";
				VALIDATE_PRODUCT = YES;
			};
			name = Release;
		};
		D8976E39214210130042DEC1 /* Debug */ = {
			isa = XCBuildConfiguration;
			baseConfigurationReference = 67AA154226726C8011DB509D /* Pods-MaxMilhasChallenge.debug.xcconfig */;
			buildSettings = {
				ASSETCATALOG_COMPILER_APPICON_NAME = AppIcon;
				CODE_SIGN_STYLE = Automatic;
				DEVELOPMENT_TEAM = 66KNLMFJQ2;
				INFOPLIST_FILE = MaxMilhasChallenge/Info.plist;
				LD_RUNPATH_SEARCH_PATHS = (
					"$(inherited)",
					"@executable_path/Frameworks",
				);
				PRODUCT_BUNDLE_IDENTIFIER = com.marcosbrito.MaxMilhasChallenge;
				PRODUCT_NAME = "$(TARGET_NAME)";
				SWIFT_VERSION = 4.0;
				TARGETED_DEVICE_FAMILY = "1,2";
			};
			name = Debug;
		};
		D8976E3A214210130042DEC1 /* Release */ = {
			isa = XCBuildConfiguration;
			baseConfigurationReference = F48E794A0312723F3A1C7501 /* Pods-MaxMilhasChallenge.release.xcconfig */;
			buildSettings = {
				ASSETCATALOG_COMPILER_APPICON_NAME = AppIcon;
				CODE_SIGN_STYLE = Automatic;
				DEVELOPMENT_TEAM = 66KNLMFJQ2;
				INFOPLIST_FILE = MaxMilhasChallenge/Info.plist;
				LD_RUNPATH_SEARCH_PATHS = (
					"$(inherited)",
					"@executable_path/Frameworks",
				);
				PRODUCT_BUNDLE_IDENTIFIER = com.marcosbrito.MaxMilhasChallenge;
				PRODUCT_NAME = "$(TARGET_NAME)";
				SWIFT_VERSION = 4.0;
				TARGETED_DEVICE_FAMILY = "1,2";
			};
			name = Release;
		};
		D8976E3C214210130042DEC1 /* Debug */ = {
			isa = XCBuildConfiguration;
			baseConfigurationReference = F37A6E9F3358D06E9C0EB8BE /* Pods-MaxMilhasChallengeTests.debug.xcconfig */;
			buildSettings = {
				ALWAYS_EMBED_SWIFT_STANDARD_LIBRARIES = YES;
				BUNDLE_LOADER = "$(TEST_HOST)";
				CODE_SIGN_STYLE = Automatic;
				DEVELOPMENT_TEAM = 66KNLMFJQ2;
				INFOPLIST_FILE = MaxMilhasChallengeTests/Info.plist;
				LD_RUNPATH_SEARCH_PATHS = (
					"$(inherited)",
					"@executable_path/Frameworks",
					"@loader_path/Frameworks",
				);
				PRODUCT_BUNDLE_IDENTIFIER = com.marcosbrito.MaxMilhasChallengeTests;
				PRODUCT_NAME = "$(TARGET_NAME)";
				SWIFT_VERSION = 4.0;
				TARGETED_DEVICE_FAMILY = "1,2";
				TEST_HOST = "$(BUILT_PRODUCTS_DIR)/MaxMilhasChallenge.app/MaxMilhasChallenge";
			};
			name = Debug;
		};
		D8976E3D214210130042DEC1 /* Release */ = {
			isa = XCBuildConfiguration;
			baseConfigurationReference = 0C380ED5F5C244601F49295D /* Pods-MaxMilhasChallengeTests.release.xcconfig */;
			buildSettings = {
				ALWAYS_EMBED_SWIFT_STANDARD_LIBRARIES = YES;
				BUNDLE_LOADER = "$(TEST_HOST)";
				CODE_SIGN_STYLE = Automatic;
				DEVELOPMENT_TEAM = 66KNLMFJQ2;
				INFOPLIST_FILE = MaxMilhasChallengeTests/Info.plist;
				LD_RUNPATH_SEARCH_PATHS = (
					"$(inherited)",
					"@executable_path/Frameworks",
					"@loader_path/Frameworks",
				);
				PRODUCT_BUNDLE_IDENTIFIER = com.marcosbrito.MaxMilhasChallengeTests;
				PRODUCT_NAME = "$(TARGET_NAME)";
				SWIFT_VERSION = 4.0;
				TARGETED_DEVICE_FAMILY = "1,2";
				TEST_HOST = "$(BUILT_PRODUCTS_DIR)/MaxMilhasChallenge.app/MaxMilhasChallenge";
			};
			name = Release;
		};
		D8976E3F214210130042DEC1 /* Debug */ = {
			isa = XCBuildConfiguration;
			baseConfigurationReference = 2934C475F078364CC7C6E757 /* Pods-MaxMilhasChallengeUITests.debug.xcconfig */;
			buildSettings = {
				ALWAYS_EMBED_SWIFT_STANDARD_LIBRARIES = YES;
				CODE_SIGN_STYLE = Automatic;
				DEVELOPMENT_TEAM = 66KNLMFJQ2;
				INFOPLIST_FILE = MaxMilhasChallengeUITests/Info.plist;
				LD_RUNPATH_SEARCH_PATHS = (
					"$(inherited)",
					"@executable_path/Frameworks",
					"@loader_path/Frameworks",
				);
				PRODUCT_BUNDLE_IDENTIFIER = com.marcosbrito.MaxMilhasChallengeUITests;
				PRODUCT_NAME = "$(TARGET_NAME)";
				SWIFT_VERSION = 4.0;
				TARGETED_DEVICE_FAMILY = "1,2";
				TEST_TARGET_NAME = MaxMilhasChallenge;
			};
			name = Debug;
		};
		D8976E40214210130042DEC1 /* Release */ = {
			isa = XCBuildConfiguration;
			baseConfigurationReference = 587B82CFC995D187DED95934 /* Pods-MaxMilhasChallengeUITests.release.xcconfig */;
			buildSettings = {
				ALWAYS_EMBED_SWIFT_STANDARD_LIBRARIES = YES;
				CODE_SIGN_STYLE = Automatic;
				DEVELOPMENT_TEAM = 66KNLMFJQ2;
				INFOPLIST_FILE = MaxMilhasChallengeUITests/Info.plist;
				LD_RUNPATH_SEARCH_PATHS = (
					"$(inherited)",
					"@executable_path/Frameworks",
					"@loader_path/Frameworks",
				);
				PRODUCT_BUNDLE_IDENTIFIER = com.marcosbrito.MaxMilhasChallengeUITests;
				PRODUCT_NAME = "$(TARGET_NAME)";
				SWIFT_VERSION = 4.0;
				TARGETED_DEVICE_FAMILY = "1,2";
				TEST_TARGET_NAME = MaxMilhasChallenge;
			};
			name = Release;
		};
/* End XCBuildConfiguration section */

/* Begin XCConfigurationList section */
		D8976E06214210100042DEC1 /* Build configuration list for PBXProject "MaxMilhasChallenge" */ = {
			isa = XCConfigurationList;
			buildConfigurations = (
				D8976E36214210130042DEC1 /* Debug */,
				D8976E37214210130042DEC1 /* Release */,
			);
			defaultConfigurationIsVisible = 0;
			defaultConfigurationName = Release;
		};
		D8976E38214210130042DEC1 /* Build configuration list for PBXNativeTarget "MaxMilhasChallenge" */ = {
			isa = XCConfigurationList;
			buildConfigurations = (
				D8976E39214210130042DEC1 /* Debug */,
				D8976E3A214210130042DEC1 /* Release */,
			);
			defaultConfigurationIsVisible = 0;
			defaultConfigurationName = Release;
		};
		D8976E3B214210130042DEC1 /* Build configuration list for PBXNativeTarget "MaxMilhasChallengeTests" */ = {
			isa = XCConfigurationList;
			buildConfigurations = (
				D8976E3C214210130042DEC1 /* Debug */,
				D8976E3D214210130042DEC1 /* Release */,
			);
			defaultConfigurationIsVisible = 0;
			defaultConfigurationName = Release;
		};
		D8976E3E214210130042DEC1 /* Build configuration list for PBXNativeTarget "MaxMilhasChallengeUITests" */ = {
			isa = XCConfigurationList;
			buildConfigurations = (
				D8976E3F214210130042DEC1 /* Debug */,
				D8976E40214210130042DEC1 /* Release */,
			);
			defaultConfigurationIsVisible = 0;
			defaultConfigurationName = Release;
		};
/* End XCConfigurationList section */
	};
	rootObject = D8976E03214210100042DEC1 /* Project object */;
}
